
Microsoft Visual Studio Solution File, Format Version 12.00
# Visual Studio Version 16
VisualStudioVersion = 16.0.31729.503
MinimumVisualStudioVersion = 10.0.40219.1
Project("{FAE04EC0-301F-11D3-BF4B-00C04F79EFBC}") = "Program", "Program\Program.csproj", "{E8BDF2CA-AA72-4038-8249-1F498A238B37}"
EndProject
Global
	GlobalSection(SolutionConfigurationPlatforms) = preSolution
		Debug|Any CPU = Debug|Any CPU
		Release|Any CPU = Release|Any CPU
	EndGlobalSection
	GlobalSection(ProjectConfigurationPlatforms) = postSolution
		{E8BDF2CA-AA72-4038-8249-1F498A238B37}.Debug|Any CPU.ActiveCfg = Debug|Any CPU
		{E8BDF2CA-AA72-4038-8249-1F498A238B37}.Debug|Any CPU.Build.0 = Debug|Any CPU
		{E8BDF2CA-AA72-4038-8249-1F498A238B37}.Release|Any CPU.ActiveCfg = Release|Any CPU
		{E8BDF2CA-AA72-4038-8249-1F498A238B37}.Release|Any CPU.Build.0 = Release|Any CPU
	EndGlobalSection
	GlobalSection(SolutionProperties) = preSolution
		HideSolutionNode = FALSE
	EndGlobalSection
	GlobalSection(ExtensibilityGlobals) = postSolution
		SolutionGuid = {5D6432E9-E2FE-438F-AAC1-7EE3B9AE9AF6}
	EndGlobalSection
EndGlobal
